
Microsoft Visual Studio Solution File, Format Version 12.00
# Visual Studio 14
VisualStudioVersion = 14.0.25420.1
MinimumVisualStudioVersion = 10.0.40219.1
Project("{FAE04EC0-301F-11D3-BF4B-00C04F79EFBC}") = "AutomatedTellerMachine", "AutomatedTellerMachine\AutomatedTellerMachine.csproj", "{DA5594AF-F6F9-45BA-AB27-50D1E76B0158}"
EndProject
Project("{FAE04EC0-301F-11D3-BF4B-00C04F79EFBC}") = "AutomatedTellerMachine.Tests", "AutomatedTellerMachine.Tests\AutomatedTellerMachine.Tests.csproj", "{12491E54-C468-4772-A9E0-A4A587B88960}"
EndProject
Global
	GlobalSection(SolutionConfigurationPlatforms) = preSolution
		Debug|Any CPU = Debug|Any CPU
		Release|Any CPU = Release|Any CPU
	EndGlobalSection
	GlobalSection(ProjectConfigurationPlatforms) = postSolution
		{DA5594AF-F6F9-45BA-AB27-50D1E76B0158}.Debug|Any CPU.ActiveCfg = Debug|Any CPU
		{DA5594AF-F6F9-45BA-AB27-50D1E76B0158}.Debug|Any CPU.Build.0 = Debug|Any CPU
		{DA5594AF-F6F9-45BA-AB27-50D1E76B0158}.Release|Any CPU.ActiveCfg = Release|Any CPU
		{DA5594AF-F6F9-45BA-AB27-50D1E76B0158}.Release|Any CPU.Build.0 = Release|Any CPU
		{12491E54-C468-4772-A9E0-A4A587B88960}.Debug|Any CPU.ActiveCfg = Debug|Any CPU
		{12491E54-C468-4772-A9E0-A4A587B88960}.Debug|Any CPU.Build.0 = Debug|Any CPU
		{12491E54-C468-4772-A9E0-A4A587B88960}.Release|Any CPU.ActiveCfg = Release|Any CPU
		{12491E54-C468-4772-A9E0-A4A587B88960}.Release|Any CPU.Build.0 = Release|Any CPU
	EndGlobalSection
	GlobalSection(SolutionProperties) = preSolution
		HideSolutionNode = FALSE
	EndGlobalSection
EndGlobal
